
Microsoft Visual Studio Solution File, Format Version 12.00
# Visual Studio 2013
VisualStudioVersion = 12.0.31101.0
MinimumVisualStudioVersion = 10.0.40219.1
Project("{FAE04EC0-301F-11D3-BF4B-00C04F79EFBC}") = "Unosquare.Tubular", "Unosquare.Tubular\Unosquare.Tubular.csproj", "{1A8F5423-F375-4ADD-82A7-5B93182219FF}"
EndProject
Project("{FAE04EC0-301F-11D3-BF4B-00C04F79EFBC}") = "Unosquare.Tubular.Tests", "Unosquare.Tubular.Tests\Unosquare.Tubular.Tests.csproj", "{2B9D1173-BB0F-4B39-8E65-17C08F69C4BB}"
EndProject
Global
	GlobalSection(SolutionConfigurationPlatforms) = preSolution
		Debug|Any CPU = Debug|Any CPU
		Release|Any CPU = Release|Any CPU
	EndGlobalSection
	GlobalSection(ProjectConfigurationPlatforms) = postSolution
		{1A8F5423-F375-4ADD-82A7-5B93182219FF}.Debug|Any CPU.ActiveCfg = Debug|Any CPU
		{1A8F5423-F375-4ADD-82A7-5B93182219FF}.Debug|Any CPU.Build.0 = Debug|Any CPU
		{1A8F5423-F375-4ADD-82A7-5B93182219FF}.Release|Any CPU.ActiveCfg = Release|Any CPU
		{1A8F5423-F375-4ADD-82A7-5B93182219FF}.Release|Any CPU.Build.0 = Release|Any CPU
		{2B9D1173-BB0F-4B39-8E65-17C08F69C4BB}.Debug|Any CPU.ActiveCfg = Debug|Any CPU
		{2B9D1173-BB0F-4B39-8E65-17C08F69C4BB}.Debug|Any CPU.Build.0 = Debug|Any CPU
		{2B9D1173-BB0F-4B39-8E65-17C08F69C4BB}.Release|Any CPU.ActiveCfg = Release|Any CPU
		{2B9D1173-BB0F-4B39-8E65-17C08F69C4BB}.Release|Any CPU.Build.0 = Release|Any CPU
	EndGlobalSection
	GlobalSection(SolutionProperties) = preSolution
		HideSolutionNode = FALSE
	EndGlobalSection
EndGlobal
