
Microsoft Visual Studio Solution File, Format Version 12.00
# Visual Studio 14
VisualStudioVersion = 14.0.25420.1
MinimumVisualStudioVersion = 10.0.40219.1
Project("{2150E333-8FDC-42A3-9474-1A3956D46DE8}") = "Solution Folder", "Solution Folder", "{142E9E46-AD02-4F12-98D2-1E0EE6A4F26A}"
	ProjectSection(SolutionItems) = preProject
		.eslintignore = .eslintignore
		.eslintrc.json = .eslintrc.json
		.gitignore = .gitignore
		.travis.yml = .travis.yml
		appveyor.yml = appveyor.yml
		bower.json = bower.json
		Gruntfile.js = Gruntfile.js
		karma.conf.js = karma.conf.js
		LICENSE = LICENSE
		package.json = package.json
		publish.sh = publish.sh
		README.md = README.md
	EndProjectSection
EndProject
Project("{2150E333-8FDC-42A3-9474-1A3956D46DE8}") = "e2e-tests", "e2e-tests", "{8894759D-8938-4ABE-8BEB-D9C5F62D3296}"
	ProjectSection(SolutionItems) = preProject
		test\e2e-tests\protractor.conf.grunt.js = test\e2e-tests\protractor.conf.grunt.js
		test\e2e-tests\tbColumn-scen.js = test\e2e-tests\tbColumn-scen.js
		test\e2e-tests\tbEmptyForm-scen.js = test\e2e-tests\tbEmptyForm-scen.js
		test\e2e-tests\tbFilters-scen.js = test\e2e-tests\tbFilters-scen.js
		test\e2e-tests\tbForm-scen.js = test\e2e-tests\tbForm-scen.js
		test\e2e-tests\tbFormConnErrorNoModelKey-scen.js = test\e2e-tests\tbFormConnErrorNoModelKey-scen.js
		test\e2e-tests\tbFormConnErrorNoServerUrl-scen.js = test\e2e-tests\tbFormConnErrorNoServerUrl-scen.js
		test\e2e-tests\tbGridComponent-scen.js = test\e2e-tests\tbGridComponent-scen.js
		test\e2e-tests\tbGridPager-scen.js = test\e2e-tests\tbGridPager-scen.js
		test\e2e-tests\tbGridPagerInfo-scen.js = test\e2e-tests\tbGridPagerInfo-scen.js
		test\e2e-tests\tbPageSizeSelector-scen.js = test\e2e-tests\tbPageSizeSelector-scen.js
		test\e2e-tests\tbRowSelectable-scen.js = test\e2e-tests\tbRowSelectable-scen.js
		test\e2e-tests\tbSingleForm-scen.js = test\e2e-tests\tbSingleForm-scen.js
	EndProjectSection
	ProjectSection(FolderStartupServices) = postProject
		{82A7F48D-3B50-4B1E-B82E-3ADA8210C358} = {82A7F48D-3B50-4B1E-B82E-3ADA8210C358}
	EndProjectSection
EndProject
Project("{E24C65DC-7377-472B-9ABA-BC803B73C61A}") = "Unosquare.Tubular.WebTest", "test\Unosquare.Tubular.WebTest\", "{541E3FFC-0E2F-42B0-87F1-9C2A33E44ADE}"
	ProjectSection(WebsiteProperties) = preProject
		TargetFrameworkMoniker = ".NETFramework,Version%3Dv4.0"
		Debug.AspNetCompiler.VirtualPath = "/localhost_60649"
		Debug.AspNetCompiler.PhysicalPath = "test\Unosquare.Tubular.WebTest\"
		Debug.AspNetCompiler.TargetPath = "PrecompiledWeb\localhost_60649\"
		Debug.AspNetCompiler.Updateable = "true"
		Debug.AspNetCompiler.ForceOverwrite = "true"
		Debug.AspNetCompiler.FixedNames = "false"
		Debug.AspNetCompiler.Debug = "True"
		Release.AspNetCompiler.VirtualPath = "/localhost_60649"
		Release.AspNetCompiler.PhysicalPath = "test\Unosquare.Tubular.WebTest\"
		Release.AspNetCompiler.TargetPath = "PrecompiledWeb\localhost_60649\"
		Release.AspNetCompiler.Updateable = "true"
		Release.AspNetCompiler.ForceOverwrite = "true"
		Release.AspNetCompiler.FixedNames = "false"
		Release.AspNetCompiler.Debug = "False"
		VWDPort = "60649"
		SlnRelativePath = "test\Unosquare.Tubular.WebTest\"
	EndProjectSection
EndProject
Project("{2150E333-8FDC-42A3-9474-1A3956D46DE8}") = "src", "src", "{AA478CE3-1C9B-4315-983D-9B339064DDBB}"
EndProject
Project("{2150E333-8FDC-42A3-9474-1A3956D46DE8}") = "test", "test", "{686F589E-2DC2-4573-AFDA-8563922DCE72}"
EndProject
Project("{8BB2217D-0F2D-49D1-97BC-3654ED321F3B}") = "Unosquare.Tubular", "src\Unosquare.Tubular\Unosquare.Tubular.xproj", "{1A8F5423-F375-4ADD-82A7-5B93182219FF}"
EndProject
Project("{8BB2217D-0F2D-49D1-97BC-3654ED321F3B}") = "Unosquare.Tubular.EmbedioSample", "src\Unosquare.Tubular.EmbedioSample\Unosquare.Tubular.EmbedioSample.xproj", "{91590BE4-DBFD-4A67-943C-AF47EEF3F386}"
EndProject
Project("{8BB2217D-0F2D-49D1-97BC-3654ED321F3B}") = "Unosquare.Tubular.Test", "test\Unosquare.Tubular.Tests\Unosquare.Tubular.Test.xproj", "{C91F303C-DFF3-4260-8A66-0EBEF53F69F5}"
EndProject
Project("{8BB2217D-0F2D-49D1-97BC-3654ED321F3B}") = "Unosquare.Tubular.AspNetCoreSample", "src\Unosquare.Tubular.AspNetCoreSample\Unosquare.Tubular.AspNetCoreSample.xproj", "{BB821F0E-243F-4CF4-8D6F-2FEDE727A688}"
EndProject
Global
	GlobalSection(SolutionConfigurationPlatforms) = preSolution
		Debug|Any CPU = Debug|Any CPU
		Release|Any CPU = Release|Any CPU
	EndGlobalSection
	GlobalSection(ProjectConfigurationPlatforms) = postSolution
		{541E3FFC-0E2F-42B0-87F1-9C2A33E44ADE}.Debug|Any CPU.ActiveCfg = Debug|Any CPU
		{541E3FFC-0E2F-42B0-87F1-9C2A33E44ADE}.Debug|Any CPU.Build.0 = Debug|Any CPU
		{541E3FFC-0E2F-42B0-87F1-9C2A33E44ADE}.Release|Any CPU.ActiveCfg = Debug|Any CPU
		{541E3FFC-0E2F-42B0-87F1-9C2A33E44ADE}.Release|Any CPU.Build.0 = Debug|Any CPU
		{1A8F5423-F375-4ADD-82A7-5B93182219FF}.Debug|Any CPU.ActiveCfg = Debug|Any CPU
		{1A8F5423-F375-4ADD-82A7-5B93182219FF}.Debug|Any CPU.Build.0 = Debug|Any CPU
		{1A8F5423-F375-4ADD-82A7-5B93182219FF}.Release|Any CPU.ActiveCfg = Release|Any CPU
		{1A8F5423-F375-4ADD-82A7-5B93182219FF}.Release|Any CPU.Build.0 = Release|Any CPU
		{91590BE4-DBFD-4A67-943C-AF47EEF3F386}.Debug|Any CPU.ActiveCfg = Debug|Any CPU
		{91590BE4-DBFD-4A67-943C-AF47EEF3F386}.Debug|Any CPU.Build.0 = Debug|Any CPU
		{91590BE4-DBFD-4A67-943C-AF47EEF3F386}.Release|Any CPU.ActiveCfg = Release|Any CPU
		{91590BE4-DBFD-4A67-943C-AF47EEF3F386}.Release|Any CPU.Build.0 = Release|Any CPU
		{C91F303C-DFF3-4260-8A66-0EBEF53F69F5}.Debug|Any CPU.ActiveCfg = Debug|Any CPU
		{C91F303C-DFF3-4260-8A66-0EBEF53F69F5}.Debug|Any CPU.Build.0 = Debug|Any CPU
		{C91F303C-DFF3-4260-8A66-0EBEF53F69F5}.Release|Any CPU.ActiveCfg = Release|Any CPU
		{C91F303C-DFF3-4260-8A66-0EBEF53F69F5}.Release|Any CPU.Build.0 = Release|Any CPU
		{BB821F0E-243F-4CF4-8D6F-2FEDE727A688}.Debug|Any CPU.ActiveCfg = Debug|Any CPU
		{BB821F0E-243F-4CF4-8D6F-2FEDE727A688}.Debug|Any CPU.Build.0 = Debug|Any CPU
		{BB821F0E-243F-4CF4-8D6F-2FEDE727A688}.Release|Any CPU.ActiveCfg = Release|Any CPU
		{BB821F0E-243F-4CF4-8D6F-2FEDE727A688}.Release|Any CPU.Build.0 = Release|Any CPU
	EndGlobalSection
	GlobalSection(SolutionProperties) = preSolution
		HideSolutionNode = FALSE
	EndGlobalSection
	GlobalSection(NestedProjects) = preSolution
		{541E3FFC-0E2F-42B0-87F1-9C2A33E44ADE} = {686F589E-2DC2-4573-AFDA-8563922DCE72}
		{1A8F5423-F375-4ADD-82A7-5B93182219FF} = {AA478CE3-1C9B-4315-983D-9B339064DDBB}
		{91590BE4-DBFD-4A67-943C-AF47EEF3F386} = {AA478CE3-1C9B-4315-983D-9B339064DDBB}
		{C91F303C-DFF3-4260-8A66-0EBEF53F69F5} = {686F589E-2DC2-4573-AFDA-8563922DCE72}
		{BB821F0E-243F-4CF4-8D6F-2FEDE727A688} = {AA478CE3-1C9B-4315-983D-9B339064DDBB}
	EndGlobalSection
EndGlobal
