
Microsoft Visual Studio Solution File, Format Version 12.00
# Visual Studio 14
VisualStudioVersion = 14.0.25123.0
MinimumVisualStudioVersion = 10.0.40219.1
Project("{FAE04EC0-301F-11D3-BF4B-00C04F79EFBC}") = "Unosquare.Tubular", "Unosquare.Tubular\Unosquare.Tubular.csproj", "{1A8F5423-F375-4ADD-82A7-5B93182219FF}"
EndProject
Project("{FAE04EC0-301F-11D3-BF4B-00C04F79EFBC}") = "Unosquare.Tubular.Sample", "Unosquare.Tubular.Sample\Unosquare.Tubular.Sample.csproj", "{FB930993-4912-4022-9435-718B3E576478}"
EndProject
Project("{2150E333-8FDC-42A3-9474-1A3956D46DE8}") = "Solution Folder", "Solution Folder", "{142E9E46-AD02-4F12-98D2-1E0EE6A4F26A}"
	ProjectSection(SolutionItems) = preProject
		.travis.yml = .travis.yml
		bower.json = bower.json
		karma.conf.js = karma.conf.js
		LICENSE = LICENSE
		package.json = package.json
		README.md = README.md
	EndProjectSection
EndProject
Project("{FAE04EC0-301F-11D3-BF4B-00C04F79EFBC}") = "Unosquare.Tubular.EmbedioSample", "Unosquare.Tubular.EmbedioSample\Unosquare.Tubular.EmbedioSample.csproj", "{91590BE4-DBFD-4A67-943C-AF47EEF3F386}"
EndProject
Project("{2150E333-8FDC-42A3-9474-1A3956D46DE8}") = "test", "test", "{FD6CA34B-8A08-425F-8363-FB72CC78F256}"
	ProjectSection(SolutionItems) = preProject
		test\firstcolumn.json = test\firstcolumn.json
		test\models.json = test\models.json
		test\test.js = test\test.js
	EndProjectSection
EndProject
Project("{FAE04EC0-301F-11D3-BF4B-00C04F79EFBC}") = "Unosquare.Tubular.Tests", "Unosquare.Tubular.Tests\Unosquare.Tubular.Tests.csproj", "{2B9D1173-BB0F-4B39-8E65-17C08F69C4BB}"
EndProject
Project("{2150E333-8FDC-42A3-9474-1A3956D46DE8}") = "e2e-tests", "e2e-tests", "{8894759D-8938-4ABE-8BEB-D9C5F62D3296}"
	ProjectSection(SolutionItems) = preProject
		e2e-tests\protractor.conf.js = e2e-tests\protractor.conf.js
		e2e-tests\tbColumn-scen.js = e2e-tests\tbColumn-scen.js
		e2e-tests\tbGridPager-scen.js = e2e-tests\tbGridPager-scen.js
		e2e-tests\tbGridPagerInfo-scen.js = e2e-tests\tbGridPagerInfo-scen.js
		e2e-tests\tbPageSizeSelector-scen.js = e2e-tests\tbPageSizeSelector-scen.js
	EndProjectSection
EndProject
Global
	GlobalSection(SolutionConfigurationPlatforms) = preSolution
		Debug|Any CPU = Debug|Any CPU
		Release|Any CPU = Release|Any CPU
	EndGlobalSection
	GlobalSection(ProjectConfigurationPlatforms) = postSolution
		{1A8F5423-F375-4ADD-82A7-5B93182219FF}.Debug|Any CPU.ActiveCfg = Debug|Any CPU
		{1A8F5423-F375-4ADD-82A7-5B93182219FF}.Debug|Any CPU.Build.0 = Debug|Any CPU
		{1A8F5423-F375-4ADD-82A7-5B93182219FF}.Release|Any CPU.ActiveCfg = Release|Any CPU
		{1A8F5423-F375-4ADD-82A7-5B93182219FF}.Release|Any CPU.Build.0 = Release|Any CPU
		{FB930993-4912-4022-9435-718B3E576478}.Debug|Any CPU.ActiveCfg = Debug|Any CPU
		{FB930993-4912-4022-9435-718B3E576478}.Debug|Any CPU.Build.0 = Debug|Any CPU
		{FB930993-4912-4022-9435-718B3E576478}.Release|Any CPU.ActiveCfg = Release|Any CPU
		{FB930993-4912-4022-9435-718B3E576478}.Release|Any CPU.Build.0 = Release|Any CPU
		{91590BE4-DBFD-4A67-943C-AF47EEF3F386}.Debug|Any CPU.ActiveCfg = Debug|Any CPU
		{91590BE4-DBFD-4A67-943C-AF47EEF3F386}.Debug|Any CPU.Build.0 = Debug|Any CPU
		{91590BE4-DBFD-4A67-943C-AF47EEF3F386}.Release|Any CPU.ActiveCfg = Release|Any CPU
		{91590BE4-DBFD-4A67-943C-AF47EEF3F386}.Release|Any CPU.Build.0 = Release|Any CPU
		{2B9D1173-BB0F-4B39-8E65-17C08F69C4BB}.Debug|Any CPU.ActiveCfg = Debug|Any CPU
		{2B9D1173-BB0F-4B39-8E65-17C08F69C4BB}.Debug|Any CPU.Build.0 = Debug|Any CPU
		{2B9D1173-BB0F-4B39-8E65-17C08F69C4BB}.Release|Any CPU.ActiveCfg = Release|Any CPU
		{2B9D1173-BB0F-4B39-8E65-17C08F69C4BB}.Release|Any CPU.Build.0 = Release|Any CPU
	EndGlobalSection
	GlobalSection(SolutionProperties) = preSolution
		HideSolutionNode = FALSE
	EndGlobalSection
EndGlobal
